
Microsoft Visual Studio Solution File, Format Version 12.00
# Visual Studio Version 17
VisualStudioVersion = 17.8.34322.80
MinimumVisualStudioVersion = 10.0.40219.1
Project("{9A19103F-16F7-4668-BE54-9A1E7A4F7556}") = "Degiskenler", "Degiskenler\Degiskenler.csproj", "{EF02F70B-A5A0-468E-BED5-9A452100251F}"
EndProject
Project("{9A19103F-16F7-4668-BE54-9A1E7A4F7556}") = "Operatorler", "Operatorler\Operatorler.csproj", "{3B3FBAF8-C11C-4F10-9F2F-37F05DEAEA42}"
EndProject
Project("{9A19103F-16F7-4668-BE54-9A1E7A4F7556}") = "Tip_Donusumleri", "Tip_Donusumleri\Tip_Donusumleri.csproj", "{2F95CFDC-5563-45F6-9E91-7AA08CC0A2C8}"
EndProject
Project("{9A19103F-16F7-4668-BE54-9A1E7A4F7556}") = "Hata_Yonetimi", "Hata_Yonetimi\Hata_Yonetimi.csproj", "{0719E48B-67C8-45C8-8AFE-077789FF22A8}"
EndProject
Project("{9A19103F-16F7-4668-BE54-9A1E7A4F7556}") = "If_Else_If", "If_Else_If\If_Else_If.csproj", "{8CF6E460-8DB8-485B-9AB9-709FF9651487}"
EndProject
Project("{9A19103F-16F7-4668-BE54-9A1E7A4F7556}") = "Switch-Case", "Switch-Case\Switch-Case.csproj", "{589A49B0-6CE8-4184-97D8-A29E7CB8FE08}"
EndProject
Project("{9A19103F-16F7-4668-BE54-9A1E7A4F7556}") = "Donguler_For_Loop", "Donguler_For_Loop\Donguler_For_Loop.csproj", "{3712CC05-1FF7-4AE2-BC5D-97ED6F1AB210}"
EndProject
Project("{9A19103F-16F7-4668-BE54-9A1E7A4F7556}") = "Donguler_While_Foreach", "Donguler_While_Foreach\Donguler_While_Foreach.csproj", "{1F6367D0-4ADC-4633-9336-E690469C0E7E}"
EndProject
Project("{9A19103F-16F7-4668-BE54-9A1E7A4F7556}") = "Diziler", "Diziler\Diziler.csproj", "{9CB68DA0-C4C0-4AE6-83E5-D94AA2029828}"
EndProject
Project("{9A19103F-16F7-4668-BE54-9A1E7A4F7556}") = "Diziler-Array-Sinifi-Metodlari", "Diziler-Array-Sinifi-Metodlari\Diziler-Array-Sinifi-Metodlari.csproj", "{857C83DD-F9AD-4A70-8FD9-59DD34DA7CDB}"
EndProject
Project("{9A19103F-16F7-4668-BE54-9A1E7A4F7556}") = "Metotlar", "Metotlar\Metotlar.csproj", "{90A5285D-4285-45CD-9F24-8360C68BAB0B}"
EndProject
Project("{9A19103F-16F7-4668-BE54-9A1E7A4F7556}") = "Metotlar-Overloading", "Metotlar-Overloading\Metotlar-Overloading.csproj", "{EC9A255B-D57D-4A30-8E9D-796C9F2A5FD1}"
EndProject
Project("{9A19103F-16F7-4668-BE54-9A1E7A4F7556}") = "Recursive-Extension-Metotlar", "Recursive-Extension-Metotlar\Recursive-Extension-Metotlar.csproj", "{247A98E8-6235-44AE-9F2E-56456772DCCD}"
EndProject
Project("{9A19103F-16F7-4668-BE54-9A1E7A4F7556}") = "Algoritma-1", "Algoritma-1\Algoritma-1.csproj", "{65D41FC4-2349-4319-86F6-691380080FDC}"
EndProject
Project("{9A19103F-16F7-4668-BE54-9A1E7A4F7556}") = "Algoritma-2", "Algoritma-2\Algoritma-2.csproj", "{41D70800-31D4-4BEC-86F5-4089A0880223}"
EndProject
Project("{9A19103F-16F7-4668-BE54-9A1E7A4F7556}") = "Hazir-Metotlar-String", "Hazir-Metotlar-String\Hazir-Metotlar-String.csproj", "{28402B5D-D901-49D8-8C68-0F531D76D431}"
EndProject
Project("{9A19103F-16F7-4668-BE54-9A1E7A4F7556}") = "Koleksiyon", "Koleksiyon\Koleksiyon.csproj", "{7B4F927F-234B-46E2-806C-A5ABE031F4C3}"
EndProject
Project("{9A19103F-16F7-4668-BE54-9A1E7A4F7556}") = "Generic_List", "Generic_List\Generic_List.csproj", "{79FFC8B9-C94F-40B2-8218-29F95D3E1F97}"
EndProject
Project("{9A19103F-16F7-4668-BE54-9A1E7A4F7556}") = "ArrayList", "ArrayList\ArrayList.csproj", "{C0F0AC7C-7C1F-4AEE-847C-8CA7353D4F19}"
EndProject
Project("{FAE04EC0-301F-11D3-BF4B-00C04F79EFBC}") = "Dictionary", "Dictionary\Dictionary.csproj", "{FABD9942-D632-462F-9CD1-211E6E4D0541}"
EndProject
Project("{FAE04EC0-301F-11D3-BF4B-00C04F79EFBC}") = "Ornek-2", "Ornek-2\Ornek-2.csproj", "{77BC44CD-7318-49BB-9292-C406E1703607}"
EndProject
Project("{FAE04EC0-301F-11D3-BF4B-00C04F79EFBC}") = "Sinif-Kavrami", "Sinif-Kavrami\Sinif-Kavrami.csproj", "{4A53DB43-E2C9-4E20-90EB-BE9A7E2C8788}"
EndProject
Project("{FAE04EC0-301F-11D3-BF4B-00C04F79EFBC}") = "Kurucu-Metotlar", "Kurucu-Metotlar\Kurucu-Metotlar.csproj", "{E761C2A0-92B6-4A3C-BD3F-6DD855509634}"
EndProject
Project("{FAE04EC0-301F-11D3-BF4B-00C04F79EFBC}") = "Encapsulation", "Encapsulation\Encapsulation.csproj", "{AB03C89D-8EA5-4F37-928D-989B3DF8D0BE}"
EndProject
Project("{FAE04EC0-301F-11D3-BF4B-00C04F79EFBC}") = "Static-Sinif-ve-Uyeler", "Static-Sinif-ve-Uyeler\Static-Sinif-ve-Uyeler.csproj", "{EAF3AB2B-F00E-4678-8E49-04F11D5DE03A}"
EndProject
Global
	GlobalSection(SolutionConfigurationPlatforms) = preSolution
		Debug|Any CPU = Debug|Any CPU
		Release|Any CPU = Release|Any CPU
	EndGlobalSection
	GlobalSection(ProjectConfigurationPlatforms) = postSolution
		{EF02F70B-A5A0-468E-BED5-9A452100251F}.Debug|Any CPU.ActiveCfg = Debug|Any CPU
		{EF02F70B-A5A0-468E-BED5-9A452100251F}.Debug|Any CPU.Build.0 = Debug|Any CPU
		{EF02F70B-A5A0-468E-BED5-9A452100251F}.Release|Any CPU.ActiveCfg = Release|Any CPU
		{EF02F70B-A5A0-468E-BED5-9A452100251F}.Release|Any CPU.Build.0 = Release|Any CPU
		{3B3FBAF8-C11C-4F10-9F2F-37F05DEAEA42}.Debug|Any CPU.ActiveCfg = Debug|Any CPU
		{3B3FBAF8-C11C-4F10-9F2F-37F05DEAEA42}.Debug|Any CPU.Build.0 = Debug|Any CPU
		{3B3FBAF8-C11C-4F10-9F2F-37F05DEAEA42}.Release|Any CPU.ActiveCfg = Release|Any CPU
		{3B3FBAF8-C11C-4F10-9F2F-37F05DEAEA42}.Release|Any CPU.Build.0 = Release|Any CPU
		{2F95CFDC-5563-45F6-9E91-7AA08CC0A2C8}.Debug|Any CPU.ActiveCfg = Debug|Any CPU
		{2F95CFDC-5563-45F6-9E91-7AA08CC0A2C8}.Debug|Any CPU.Build.0 = Debug|Any CPU
		{2F95CFDC-5563-45F6-9E91-7AA08CC0A2C8}.Release|Any CPU.ActiveCfg = Release|Any CPU
		{2F95CFDC-5563-45F6-9E91-7AA08CC0A2C8}.Release|Any CPU.Build.0 = Release|Any CPU
		{0719E48B-67C8-45C8-8AFE-077789FF22A8}.Debug|Any CPU.ActiveCfg = Debug|Any CPU
		{0719E48B-67C8-45C8-8AFE-077789FF22A8}.Debug|Any CPU.Build.0 = Debug|Any CPU
		{0719E48B-67C8-45C8-8AFE-077789FF22A8}.Release|Any CPU.ActiveCfg = Release|Any CPU
		{0719E48B-67C8-45C8-8AFE-077789FF22A8}.Release|Any CPU.Build.0 = Release|Any CPU
		{8CF6E460-8DB8-485B-9AB9-709FF9651487}.Debug|Any CPU.ActiveCfg = Debug|Any CPU
		{8CF6E460-8DB8-485B-9AB9-709FF9651487}.Debug|Any CPU.Build.0 = Debug|Any CPU
		{8CF6E460-8DB8-485B-9AB9-709FF9651487}.Release|Any CPU.ActiveCfg = Release|Any CPU
		{8CF6E460-8DB8-485B-9AB9-709FF9651487}.Release|Any CPU.Build.0 = Release|Any CPU
		{589A49B0-6CE8-4184-97D8-A29E7CB8FE08}.Debug|Any CPU.ActiveCfg = Debug|Any CPU
		{589A49B0-6CE8-4184-97D8-A29E7CB8FE08}.Debug|Any CPU.Build.0 = Debug|Any CPU
		{589A49B0-6CE8-4184-97D8-A29E7CB8FE08}.Release|Any CPU.ActiveCfg = Release|Any CPU
		{589A49B0-6CE8-4184-97D8-A29E7CB8FE08}.Release|Any CPU.Build.0 = Release|Any CPU
		{3712CC05-1FF7-4AE2-BC5D-97ED6F1AB210}.Debug|Any CPU.ActiveCfg = Debug|Any CPU
		{3712CC05-1FF7-4AE2-BC5D-97ED6F1AB210}.Debug|Any CPU.Build.0 = Debug|Any CPU
		{3712CC05-1FF7-4AE2-BC5D-97ED6F1AB210}.Release|Any CPU.ActiveCfg = Release|Any CPU
		{3712CC05-1FF7-4AE2-BC5D-97ED6F1AB210}.Release|Any CPU.Build.0 = Release|Any CPU
		{1F6367D0-4ADC-4633-9336-E690469C0E7E}.Debug|Any CPU.ActiveCfg = Debug|Any CPU
		{1F6367D0-4ADC-4633-9336-E690469C0E7E}.Debug|Any CPU.Build.0 = Debug|Any CPU
		{1F6367D0-4ADC-4633-9336-E690469C0E7E}.Release|Any CPU.ActiveCfg = Release|Any CPU
		{1F6367D0-4ADC-4633-9336-E690469C0E7E}.Release|Any CPU.Build.0 = Release|Any CPU
		{9CB68DA0-C4C0-4AE6-83E5-D94AA2029828}.Debug|Any CPU.ActiveCfg = Debug|Any CPU
		{9CB68DA0-C4C0-4AE6-83E5-D94AA2029828}.Debug|Any CPU.Build.0 = Debug|Any CPU
		{9CB68DA0-C4C0-4AE6-83E5-D94AA2029828}.Release|Any CPU.ActiveCfg = Release|Any CPU
		{9CB68DA0-C4C0-4AE6-83E5-D94AA2029828}.Release|Any CPU.Build.0 = Release|Any CPU
		{857C83DD-F9AD-4A70-8FD9-59DD34DA7CDB}.Debug|Any CPU.ActiveCfg = Debug|Any CPU
		{857C83DD-F9AD-4A70-8FD9-59DD34DA7CDB}.Debug|Any CPU.Build.0 = Debug|Any CPU
		{857C83DD-F9AD-4A70-8FD9-59DD34DA7CDB}.Release|Any CPU.ActiveCfg = Release|Any CPU
		{857C83DD-F9AD-4A70-8FD9-59DD34DA7CDB}.Release|Any CPU.Build.0 = Release|Any CPU
		{90A5285D-4285-45CD-9F24-8360C68BAB0B}.Debug|Any CPU.ActiveCfg = Debug|Any CPU
		{90A5285D-4285-45CD-9F24-8360C68BAB0B}.Debug|Any CPU.Build.0 = Debug|Any CPU
		{90A5285D-4285-45CD-9F24-8360C68BAB0B}.Release|Any CPU.ActiveCfg = Release|Any CPU
		{90A5285D-4285-45CD-9F24-8360C68BAB0B}.Release|Any CPU.Build.0 = Release|Any CPU
		{EC9A255B-D57D-4A30-8E9D-796C9F2A5FD1}.Debug|Any CPU.ActiveCfg = Debug|Any CPU
		{EC9A255B-D57D-4A30-8E9D-796C9F2A5FD1}.Debug|Any CPU.Build.0 = Debug|Any CPU
		{EC9A255B-D57D-4A30-8E9D-796C9F2A5FD1}.Release|Any CPU.ActiveCfg = Release|Any CPU
		{EC9A255B-D57D-4A30-8E9D-796C9F2A5FD1}.Release|Any CPU.Build.0 = Release|Any CPU
		{247A98E8-6235-44AE-9F2E-56456772DCCD}.Debug|Any CPU.ActiveCfg = Debug|Any CPU
		{247A98E8-6235-44AE-9F2E-56456772DCCD}.Debug|Any CPU.Build.0 = Debug|Any CPU
		{247A98E8-6235-44AE-9F2E-56456772DCCD}.Release|Any CPU.ActiveCfg = Release|Any CPU
		{247A98E8-6235-44AE-9F2E-56456772DCCD}.Release|Any CPU.Build.0 = Release|Any CPU
		{65D41FC4-2349-4319-86F6-691380080FDC}.Debug|Any CPU.ActiveCfg = Debug|Any CPU
		{65D41FC4-2349-4319-86F6-691380080FDC}.Debug|Any CPU.Build.0 = Debug|Any CPU
		{65D41FC4-2349-4319-86F6-691380080FDC}.Release|Any CPU.ActiveCfg = Release|Any CPU
		{65D41FC4-2349-4319-86F6-691380080FDC}.Release|Any CPU.Build.0 = Release|Any CPU
		{41D70800-31D4-4BEC-86F5-4089A0880223}.Debug|Any CPU.ActiveCfg = Debug|Any CPU
		{41D70800-31D4-4BEC-86F5-4089A0880223}.Debug|Any CPU.Build.0 = Debug|Any CPU
		{41D70800-31D4-4BEC-86F5-4089A0880223}.Release|Any CPU.ActiveCfg = Release|Any CPU
		{41D70800-31D4-4BEC-86F5-4089A0880223}.Release|Any CPU.Build.0 = Release|Any CPU
		{28402B5D-D901-49D8-8C68-0F531D76D431}.Debug|Any CPU.ActiveCfg = Debug|Any CPU
		{28402B5D-D901-49D8-8C68-0F531D76D431}.Debug|Any CPU.Build.0 = Debug|Any CPU
		{28402B5D-D901-49D8-8C68-0F531D76D431}.Release|Any CPU.ActiveCfg = Release|Any CPU
		{28402B5D-D901-49D8-8C68-0F531D76D431}.Release|Any CPU.Build.0 = Release|Any CPU
		{7B4F927F-234B-46E2-806C-A5ABE031F4C3}.Debug|Any CPU.ActiveCfg = Debug|Any CPU
		{7B4F927F-234B-46E2-806C-A5ABE031F4C3}.Debug|Any CPU.Build.0 = Debug|Any CPU
		{7B4F927F-234B-46E2-806C-A5ABE031F4C3}.Release|Any CPU.ActiveCfg = Release|Any CPU
		{7B4F927F-234B-46E2-806C-A5ABE031F4C3}.Release|Any CPU.Build.0 = Release|Any CPU
		{79FFC8B9-C94F-40B2-8218-29F95D3E1F97}.Debug|Any CPU.ActiveCfg = Debug|Any CPU
		{79FFC8B9-C94F-40B2-8218-29F95D3E1F97}.Debug|Any CPU.Build.0 = Debug|Any CPU
		{79FFC8B9-C94F-40B2-8218-29F95D3E1F97}.Release|Any CPU.ActiveCfg = Release|Any CPU
		{79FFC8B9-C94F-40B2-8218-29F95D3E1F97}.Release|Any CPU.Build.0 = Release|Any CPU
		{C0F0AC7C-7C1F-4AEE-847C-8CA7353D4F19}.Debug|Any CPU.ActiveCfg = Debug|Any CPU
		{C0F0AC7C-7C1F-4AEE-847C-8CA7353D4F19}.Debug|Any CPU.Build.0 = Debug|Any CPU
		{C0F0AC7C-7C1F-4AEE-847C-8CA7353D4F19}.Release|Any CPU.ActiveCfg = Release|Any CPU
		{C0F0AC7C-7C1F-4AEE-847C-8CA7353D4F19}.Release|Any CPU.Build.0 = Release|Any CPU
		{FABD9942-D632-462F-9CD1-211E6E4D0541}.Debug|Any CPU.ActiveCfg = Debug|Any CPU
		{FABD9942-D632-462F-9CD1-211E6E4D0541}.Debug|Any CPU.Build.0 = Debug|Any CPU
		{FABD9942-D632-462F-9CD1-211E6E4D0541}.Release|Any CPU.ActiveCfg = Release|Any CPU
		{FABD9942-D632-462F-9CD1-211E6E4D0541}.Release|Any CPU.Build.0 = Release|Any CPU
		{77BC44CD-7318-49BB-9292-C406E1703607}.Debug|Any CPU.ActiveCfg = Debug|Any CPU
		{77BC44CD-7318-49BB-9292-C406E1703607}.Debug|Any CPU.Build.0 = Debug|Any CPU
		{77BC44CD-7318-49BB-9292-C406E1703607}.Release|Any CPU.ActiveCfg = Release|Any CPU
		{77BC44CD-7318-49BB-9292-C406E1703607}.Release|Any CPU.Build.0 = Release|Any CPU
		{4A53DB43-E2C9-4E20-90EB-BE9A7E2C8788}.Debug|Any CPU.ActiveCfg = Debug|Any CPU
		{4A53DB43-E2C9-4E20-90EB-BE9A7E2C8788}.Debug|Any CPU.Build.0 = Debug|Any CPU
		{4A53DB43-E2C9-4E20-90EB-BE9A7E2C8788}.Release|Any CPU.ActiveCfg = Release|Any CPU
		{4A53DB43-E2C9-4E20-90EB-BE9A7E2C8788}.Release|Any CPU.Build.0 = Release|Any CPU
		{E761C2A0-92B6-4A3C-BD3F-6DD855509634}.Debug|Any CPU.ActiveCfg = Debug|Any CPU
		{E761C2A0-92B6-4A3C-BD3F-6DD855509634}.Debug|Any CPU.Build.0 = Debug|Any CPU
		{E761C2A0-92B6-4A3C-BD3F-6DD855509634}.Release|Any CPU.ActiveCfg = Release|Any CPU
		{E761C2A0-92B6-4A3C-BD3F-6DD855509634}.Release|Any CPU.Build.0 = Release|Any CPU
		{AB03C89D-8EA5-4F37-928D-989B3DF8D0BE}.Debug|Any CPU.ActiveCfg = Debug|Any CPU
		{AB03C89D-8EA5-4F37-928D-989B3DF8D0BE}.Debug|Any CPU.Build.0 = Debug|Any CPU
		{AB03C89D-8EA5-4F37-928D-989B3DF8D0BE}.Release|Any CPU.ActiveCfg = Release|Any CPU
		{AB03C89D-8EA5-4F37-928D-989B3DF8D0BE}.Release|Any CPU.Build.0 = Release|Any CPU
		{EAF3AB2B-F00E-4678-8E49-04F11D5DE03A}.Debug|Any CPU.ActiveCfg = Debug|Any CPU
		{EAF3AB2B-F00E-4678-8E49-04F11D5DE03A}.Debug|Any CPU.Build.0 = Debug|Any CPU
		{EAF3AB2B-F00E-4678-8E49-04F11D5DE03A}.Release|Any CPU.ActiveCfg = Release|Any CPU
		{EAF3AB2B-F00E-4678-8E49-04F11D5DE03A}.Release|Any CPU.Build.0 = Release|Any CPU
	EndGlobalSection
	GlobalSection(SolutionProperties) = preSolution
		HideSolutionNode = FALSE
	EndGlobalSection
	GlobalSection(ExtensibilityGlobals) = postSolution
		SolutionGuid = {8BC19FCE-1371-4CDE-80A2-03D46164CAD8}
	EndGlobalSection
EndGlobal
