
Microsoft Visual Studio Solution File, Format Version 12.00
# Visual Studio Version 17
VisualStudioVersion = 17.8.34322.80
MinimumVisualStudioVersion = 10.0.40219.1
Project("{9A19103F-16F7-4668-BE54-9A1E7A4F7556}") = "Degiskenler", "Degiskenler\Degiskenler.csproj", "{EF02F70B-A5A0-468E-BED5-9A452100251F}"
EndProject
Project("{9A19103F-16F7-4668-BE54-9A1E7A4F7556}") = "Operatorler", "Operatorler\Operatorler.csproj", "{3B3FBAF8-C11C-4F10-9F2F-37F05DEAEA42}"
EndProject
Project("{FAE04EC0-301F-11D3-BF4B-00C04F79EFBC}") = "Tip_Donusumleri", "Tip_Donusumleri\Tip_Donusumleri.csproj", "{2F95CFDC-5563-45F6-9E91-7AA08CC0A2C8}"
EndProject
Project("{FAE04EC0-301F-11D3-BF4B-00C04F79EFBC}") = "Hata_Yonetimi", "Hata_Yonetimi\Hata_Yonetimi.csproj", "{0719E48B-67C8-45C8-8AFE-077789FF22A8}"
EndProject
Global
	GlobalSection(SolutionConfigurationPlatforms) = preSolution
		Debug|Any CPU = Debug|Any CPU
		Release|Any CPU = Release|Any CPU
	EndGlobalSection
	GlobalSection(ProjectConfigurationPlatforms) = postSolution
		{EF02F70B-A5A0-468E-BED5-9A452100251F}.Debug|Any CPU.ActiveCfg = Debug|Any CPU
		{EF02F70B-A5A0-468E-BED5-9A452100251F}.Debug|Any CPU.Build.0 = Debug|Any CPU
		{EF02F70B-A5A0-468E-BED5-9A452100251F}.Release|Any CPU.ActiveCfg = Release|Any CPU
		{EF02F70B-A5A0-468E-BED5-9A452100251F}.Release|Any CPU.Build.0 = Release|Any CPU
		{3B3FBAF8-C11C-4F10-9F2F-37F05DEAEA42}.Debug|Any CPU.ActiveCfg = Debug|Any CPU
		{3B3FBAF8-C11C-4F10-9F2F-37F05DEAEA42}.Debug|Any CPU.Build.0 = Debug|Any CPU
		{3B3FBAF8-C11C-4F10-9F2F-37F05DEAEA42}.Release|Any CPU.ActiveCfg = Release|Any CPU
		{3B3FBAF8-C11C-4F10-9F2F-37F05DEAEA42}.Release|Any CPU.Build.0 = Release|Any CPU
		{2F95CFDC-5563-45F6-9E91-7AA08CC0A2C8}.Debug|Any CPU.ActiveCfg = Debug|Any CPU
		{2F95CFDC-5563-45F6-9E91-7AA08CC0A2C8}.Debug|Any CPU.Build.0 = Debug|Any CPU
		{2F95CFDC-5563-45F6-9E91-7AA08CC0A2C8}.Release|Any CPU.ActiveCfg = Release|Any CPU
		{2F95CFDC-5563-45F6-9E91-7AA08CC0A2C8}.Release|Any CPU.Build.0 = Release|Any CPU
		{0719E48B-67C8-45C8-8AFE-077789FF22A8}.Debug|Any CPU.ActiveCfg = Debug|Any CPU
		{0719E48B-67C8-45C8-8AFE-077789FF22A8}.Debug|Any CPU.Build.0 = Debug|Any CPU
		{0719E48B-67C8-45C8-8AFE-077789FF22A8}.Release|Any CPU.ActiveCfg = Release|Any CPU
		{0719E48B-67C8-45C8-8AFE-077789FF22A8}.Release|Any CPU.Build.0 = Release|Any CPU
	EndGlobalSection
	GlobalSection(SolutionProperties) = preSolution
		HideSolutionNode = FALSE
	EndGlobalSection
	GlobalSection(ExtensibilityGlobals) = postSolution
		SolutionGuid = {8BC19FCE-1371-4CDE-80A2-03D46164CAD8}
	EndGlobalSection
EndGlobal
